{
  "name": "ng-localizer",
  "version": "1.3.1",
  "lockfileVersion": 1,
  "requires": true,
  "dependencies": {
    "@types/lodash": {
      "version": "3.10.1",
      "resolved": "https://registry.npmjs.org/@types/lodash/-/lodash-3.10.1.tgz",
      "integrity": "sha1-74yMNWSfB4hOD7d2OyS6r34XXDY=",
      "dev": true
    },
    "@types/node": {
      "version": "10.12.18",
      "resolved": "https://registry.npmjs.org/@types/node/-/node-10.12.18.tgz",
      "integrity": "sha512-fh+pAqt4xRzPfqA6eh3Z2y6fyZavRIumvjhaCL753+TVkGKGhpPeyrJG2JftD0T9q4GF00KjefsQ+PQNDdWQaQ==",
      "dev": true
    },
    "lodash": {
      "version": "3.10.1",
      "resolved": "https://registry.npmjs.org/lodash/-/lodash-3.10.1.tgz",
      "integrity": "sha1-W/Rejkm6QYnhfUgnid/RW9FAt7Y="
    },
    "recursive-diff": {
      "version": "0.1.4",
      "resolved": "https://registry.npmjs.org/recursive-diff/-/recursive-diff-0.1.4.tgz",
      "integrity": "sha512-BrRylGJ9jKS8177CL/1NH1CoqfNbPHoIuk+Q+u6vUvnzQVBaiYfwvMtcMqFKaX4Hw5FaD3bsr0ftY7LDcomeOw=="
    },
    "typescript": {
      "version": "3.2.2",
      "resolved": "https://registry.npmjs.org/typescript/-/typescript-3.2.2.tgz",
      "integrity": "sha512-VCj5UiSyHBjwfYacmDuc/NOk4QQixbE+Wn7MFJuS0nRuPQbof132Pw4u53dm264O8LPc2MVsc7RJNml5szurkg==",
      "dev": true
    }
  }
}
